
Microsoft Visual Studio Solution File, Format Version 12.00
# Visual Studio Version 17
VisualStudioVersion = 17.5.002.0
MinimumVisualStudioVersion = 10.0.40219.1
Project("{9A19103F-16F7-4668-BE54-9A1E7A4F7556}") = "Proxy.NET", "Proxy.NET.csproj", "{B511EA70-4EDD-482C-9FA6-3F7A9D986275}"
EndProject
Global
	GlobalSection(SolutionConfigurationPlatforms) = preSolution
		Debug|Any CPU = Debug|Any CPU
		Release|Any CPU = Release|Any CPU
	EndGlobalSection
	GlobalSection(ProjectConfigurationPlatforms) = postSolution
		{B511EA70-4EDD-482C-9FA6-3F7A9D986275}.Debug|Any CPU.ActiveCfg = Debug|Any CPU
		{B511EA70-4EDD-482C-9FA6-3F7A9D986275}.Debug|Any CPU.Build.0 = Debug|Any CPU
		{B511EA70-4EDD-482C-9FA6-3F7A9D986275}.Release|Any CPU.ActiveCfg = Release|Any CPU
		{B511EA70-4EDD-482C-9FA6-3F7A9D986275}.Release|Any CPU.Build.0 = Release|Any CPU
	EndGlobalSection
	GlobalSection(SolutionProperties) = preSolution
		HideSolutionNode = FALSE
	EndGlobalSection
	GlobalSection(ExtensibilityGlobals) = postSolution
		SolutionGuid = {FCDAFDCD-9158-44EB-B405-B7B84124C43A}
	EndGlobalSection
EndGlobal
