
Microsoft Visual Studio Solution File, Format Version 12.00
# Visual Studio Version 17
VisualStudioVersion = 17.0.31903.59
MinimumVisualStudioVersion = 10.0.40219.1
Project("{9A19103F-16F7-4668-BE54-9A1E7A4F7556}") = "AzureAIProxy.Management", "AzureAIProxy.Management\AzureAIProxy.Management.csproj", "{928EAFD1-4179-453D-9367-1BC8E6934ACB}"
EndProject
Project("{9A19103F-16F7-4668-BE54-9A1E7A4F7556}") = "AzureAIProxy", "AzureAIProxy\AzureAIProxy.csproj", "{0D53C13A-DFC7-499C-A9EC-D9C4277FED9E}"
EndProject
Project("{FAE04EC0-301F-11D3-BF4B-00C04F79EFBC}") = "AzureAIProxy.Shared", "AzureAIProxy.Shared\AzureAIProxy.Shared.csproj", "{2797D4D7-7450-43CE-8866-5B1C54E66553}"
EndProject
Global
	GlobalSection(SolutionConfigurationPlatforms) = preSolution
		Debug|Any CPU = Debug|Any CPU
		Release|Any CPU = Release|Any CPU
	EndGlobalSection
	GlobalSection(ProjectConfigurationPlatforms) = postSolution
		{928EAFD1-4179-453D-9367-1BC8E6934ACB}.Debug|Any CPU.ActiveCfg = Debug|Any CPU
		{928EAFD1-4179-453D-9367-1BC8E6934ACB}.Debug|Any CPU.Build.0 = Debug|Any CPU
		{928EAFD1-4179-453D-9367-1BC8E6934ACB}.Release|Any CPU.ActiveCfg = Release|Any CPU
		{928EAFD1-4179-453D-9367-1BC8E6934ACB}.Release|Any CPU.Build.0 = Release|Any CPU
		{0D53C13A-DFC7-499C-A9EC-D9C4277FED9E}.Debug|Any CPU.ActiveCfg = Debug|Any CPU
		{0D53C13A-DFC7-499C-A9EC-D9C4277FED9E}.Debug|Any CPU.Build.0 = Debug|Any CPU
		{0D53C13A-DFC7-499C-A9EC-D9C4277FED9E}.Release|Any CPU.ActiveCfg = Release|Any CPU
		{0D53C13A-DFC7-499C-A9EC-D9C4277FED9E}.Release|Any CPU.Build.0 = Release|Any CPU
		{2797D4D7-7450-43CE-8866-5B1C54E66553}.Debug|Any CPU.ActiveCfg = Debug|Any CPU
		{2797D4D7-7450-43CE-8866-5B1C54E66553}.Debug|Any CPU.Build.0 = Debug|Any CPU
		{2797D4D7-7450-43CE-8866-5B1C54E66553}.Release|Any CPU.ActiveCfg = Release|Any CPU
		{2797D4D7-7450-43CE-8866-5B1C54E66553}.Release|Any CPU.Build.0 = Release|Any CPU
	EndGlobalSection
	GlobalSection(SolutionProperties) = preSolution
		HideSolutionNode = FALSE
	EndGlobalSection
EndGlobal
